
Microsoft Visual Studio Solution File, Format Version 12.00
# Visual Studio Version 17
VisualStudioVersion = 17.14.36310.24 d17.14
MinimumVisualStudioVersion = 10.0.40219.1
Project("{FAE04EC0-301F-11D3-BF4B-00C04F79EFBC}") = "GameOnWPF", "GameOnWPF.csproj", "{DAB934BA-2E31-4647-B89E-E5E1E2275351}"
EndProject
Global
	GlobalSection(SolutionConfigurationPlatforms) = preSolution
		Debug|Any CPU = Debug|Any CPU
		Release|Any CPU = Release|Any CPU
	EndGlobalSection
	GlobalSection(ProjectConfigurationPlatforms) = postSolution
		{DAB934BA-2E31-4647-B89E-E5E1E2275351}.Debug|Any CPU.ActiveCfg = Debug|Any CPU
		{DAB934BA-2E31-4647-B89E-E5E1E2275351}.Debug|Any CPU.Build.0 = Debug|Any CPU
		{DAB934BA-2E31-4647-B89E-E5E1E2275351}.Release|Any CPU.ActiveCfg = Release|Any CPU
		{DAB934BA-2E31-4647-B89E-E5E1E2275351}.Release|Any CPU.Build.0 = Release|Any CPU
	EndGlobalSection
	GlobalSection(SolutionProperties) = preSolution
		HideSolutionNode = FALSE
	EndGlobalSection
	GlobalSection(ExtensibilityGlobals) = postSolution
		SolutionGuid = {70BF11F1-9ADA-4399-A204-99A1801E4648}
	EndGlobalSection
EndGlobal
